
Microsoft Visual Studio Solution File, Format Version 12.00
# Visual Studio Version 17
VisualStudioVersion = 17.0.32112.339
MinimumVisualStudioVersion = 10.0.40219.1
Project("{9A19103F-16F7-4668-BE54-9A1E7A4F7556}") = "BlazorComponents.Server", "BlazorComponents\Server\BlazorComponents.Server.csproj", "{DF8E82EA-FB41-4BCC-950B-078AEE585E71}"
EndProject
Project("{9A19103F-16F7-4668-BE54-9A1E7A4F7556}") = "BlazorComponents.Client", "BlazorComponents\Client\BlazorComponents.Client.csproj", "{8D9A161C-B429-4AEA-BF72-1470D842AEC6}"
EndProject
Project("{9A19103F-16F7-4668-BE54-9A1E7A4F7556}") = "BlazorComponents.Shared", "BlazorComponents\Shared\BlazorComponents.Shared.csproj", "{D930521F-11AA-4400-8562-CBDE77930F96}"
EndProject
Project("{9A19103F-16F7-4668-BE54-9A1E7A4F7556}") = "ComponentLibrary", "ComponentLibrary\ComponentLibrary.csproj", "{4CDED489-BCEA-427C-82B3-482D17BB5B90}"
EndProject
Global
	GlobalSection(SolutionConfigurationPlatforms) = preSolution
		Debug|Any CPU = Debug|Any CPU
		Release|Any CPU = Release|Any CPU
	EndGlobalSection
	GlobalSection(ProjectConfigurationPlatforms) = postSolution
		{DF8E82EA-FB41-4BCC-950B-078AEE585E71}.Debug|Any CPU.ActiveCfg = Debug|Any CPU
		{DF8E82EA-FB41-4BCC-950B-078AEE585E71}.Debug|Any CPU.Build.0 = Debug|Any CPU
		{DF8E82EA-FB41-4BCC-950B-078AEE585E71}.Release|Any CPU.ActiveCfg = Release|Any CPU
		{DF8E82EA-FB41-4BCC-950B-078AEE585E71}.Release|Any CPU.Build.0 = Release|Any CPU
		{8D9A161C-B429-4AEA-BF72-1470D842AEC6}.Debug|Any CPU.ActiveCfg = Debug|Any CPU
		{8D9A161C-B429-4AEA-BF72-1470D842AEC6}.Debug|Any CPU.Build.0 = Debug|Any CPU
		{8D9A161C-B429-4AEA-BF72-1470D842AEC6}.Release|Any CPU.ActiveCfg = Release|Any CPU
		{8D9A161C-B429-4AEA-BF72-1470D842AEC6}.Release|Any CPU.Build.0 = Release|Any CPU
		{D930521F-11AA-4400-8562-CBDE77930F96}.Debug|Any CPU.ActiveCfg = Debug|Any CPU
		{D930521F-11AA-4400-8562-CBDE77930F96}.Debug|Any CPU.Build.0 = Debug|Any CPU
		{D930521F-11AA-4400-8562-CBDE77930F96}.Release|Any CPU.ActiveCfg = Release|Any CPU
		{D930521F-11AA-4400-8562-CBDE77930F96}.Release|Any CPU.Build.0 = Release|Any CPU
		{4CDED489-BCEA-427C-82B3-482D17BB5B90}.Debug|Any CPU.ActiveCfg = Debug|Any CPU
		{4CDED489-BCEA-427C-82B3-482D17BB5B90}.Debug|Any CPU.Build.0 = Debug|Any CPU
		{4CDED489-BCEA-427C-82B3-482D17BB5B90}.Release|Any CPU.ActiveCfg = Release|Any CPU
		{4CDED489-BCEA-427C-82B3-482D17BB5B90}.Release|Any CPU.Build.0 = Release|Any CPU
	EndGlobalSection
	GlobalSection(SolutionProperties) = preSolution
		HideSolutionNode = FALSE
	EndGlobalSection
	GlobalSection(ExtensibilityGlobals) = postSolution
		SolutionGuid = {269FFD68-2A48-49EE-84E5-6C48A895323D}
	EndGlobalSection
EndGlobal
